
Microsoft Visual Studio Solution File, Format Version 12.00
# Visual Studio Version 16
VisualStudioVersion = 16.0.30204.135
MinimumVisualStudioVersion = 10.0.40219.1
Project("{FAE04EC0-301F-11D3-BF4B-00C04F79EFBC}") = "QRCODE generation", "QRCODE generation\QRCODE generation.csproj", "{566DAB2B-4D30-4B1D-A677-0D284709F40F}"
EndProject
Global
	GlobalSection(SolutionConfigurationPlatforms) = preSolution
		Debug|Any CPU = Debug|Any CPU
		Release|Any CPU = Release|Any CPU
	EndGlobalSection
	GlobalSection(ProjectConfigurationPlatforms) = postSolution
		{566DAB2B-4D30-4B1D-A677-0D284709F40F}.Debug|Any CPU.ActiveCfg = Debug|Any CPU
		{566DAB2B-4D30-4B1D-A677-0D284709F40F}.Debug|Any CPU.Build.0 = Debug|Any CPU
		{566DAB2B-4D30-4B1D-A677-0D284709F40F}.Release|Any CPU.ActiveCfg = Release|Any CPU
		{566DAB2B-4D30-4B1D-A677-0D284709F40F}.Release|Any CPU.Build.0 = Release|Any CPU
	EndGlobalSection
	GlobalSection(SolutionProperties) = preSolution
		HideSolutionNode = FALSE
	EndGlobalSection
	GlobalSection(ExtensibilityGlobals) = postSolution
		SolutionGuid = {3FC25071-3F01-4A24-8980-E91116DB1F09}
	EndGlobalSection
EndGlobal
